
Microsoft Visual Studio Solution File, Format Version 12.00
# Visual Studio Version 16
VisualStudioVersion = 16.0.30717.126
MinimumVisualStudioVersion = 10.0.40219.1
Project("{FAE04EC0-301F-11D3-BF4B-00C04F79EFBC}") = "TestApp1", "TestApp1.csproj", "{3243562A-82D5-43A9-947F-8EBFB28B279D}"
EndProject
Global
	GlobalSection(SolutionConfigurationPlatforms) = preSolution
		Debug|Any CPU = Debug|Any CPU
		Release|Any CPU = Release|Any CPU
	EndGlobalSection
	GlobalSection(ProjectConfigurationPlatforms) = postSolution
		{3243562A-82D5-43A9-947F-8EBFB28B279D}.Debug|Any CPU.ActiveCfg = Debug|Any CPU
		{3243562A-82D5-43A9-947F-8EBFB28B279D}.Debug|Any CPU.Build.0 = Debug|Any CPU
		{3243562A-82D5-43A9-947F-8EBFB28B279D}.Release|Any CPU.ActiveCfg = Release|Any CPU
		{3243562A-82D5-43A9-947F-8EBFB28B279D}.Release|Any CPU.Build.0 = Release|Any CPU
	EndGlobalSection
	GlobalSection(SolutionProperties) = preSolution
		HideSolutionNode = FALSE
	EndGlobalSection
	GlobalSection(ExtensibilityGlobals) = postSolution
		SolutionGuid = {F1D623D6-CC1A-441F-A59B-A32598FE7B29}
	EndGlobalSection
EndGlobal
